<?xml version="1.0" encoding="utf-8"?>
<Project ToolsVersion="4.0" xmlns="http://schemas.microsoft.com/developer/msbuild/2003">
  <ItemGroup>
    <Filter Include="cpp">
      <UniqueIdentifier>{A1B2C3D4-E5F6-7890-ABCD-EF1234567890}</UniqueIdentifier>
    </Filter>
  </ItemGroup>
  <ItemGroup>
    <ClCompile Include="cpp\OnlineSLAMRGBD.cpp">
      <Filter>cpp</Filter>
    </ClCompile>
  </ItemGroup>
  <ItemGroup>
    <ClInclude Include="cpp\OnlineSLAMUtil.h">
      <Filter>cpp</Filter>
    </ClInclude>
    <ClInclude Include="cpp\ObjectMeshPipeline.h">
      <Filter>cpp</Filter>
    </ClInclude>
  </ItemGroup>
</Project>
