<?xml version="1.0" encoding="utf-8"?>
<Project ToolsVersion="4.0" xmlns="http://schemas.microsoft.com/developer/msbuild/2003">
  <ItemGroup>
    <Filter Include="cpp">
      <UniqueIdentifier>{C3D4E5F6-A7B8-9012-CDEF-123456789012}</UniqueIdentifier>
    </Filter>
  </ItemGroup>
  <ItemGroup>
    <ClCompile Include="cpp\RealTimeSLAMRealSense.cpp">
      <Filter>cpp</Filter>
    </ClCompile>
  </ItemGroup>
  <ItemGroup>
    <ClInclude Include="cpp\RealTimeSLAMUtil.h">
      <Filter>cpp</Filter>
    </ClInclude>
    <ClInclude Include="cpp\ObjectMeshPipeline.h">
      <Filter>cpp</Filter>
    </ClInclude>
    <ClInclude Include="cpp\Relocalization.h">
      <Filter>cpp</Filter>
    </ClInclude>
  </ItemGroup>
</Project>
